PODS:
  - Alamofire (5.6.2)
  - IQKeyboardManagerSwift (6.5.10)
  - Moya (15.0.0):
    - Moya/Core (= 15.0.0)
  - Moya/Core (15.0.0):
    - Alamofire (~> 5.0)
  - SnapKit (5.6.0)

DEPENDENCIES:
  - IQKeyboardManagerSwift
  - Moya
  - SnapKit

SPEC REPOS:
  trunk:
    - Alamofire
    - IQKeyboardManagerSwift
    - Moya
    - SnapKit

SPEC CHECKSUMS:
  Alamofire: d368e1ff8a298e6dde360e35a3e68e6c610e7204
  IQKeyboardManagerSwift: 52962c76ab33532f15ad9f3ff4e5715eda5335bb
  Moya: 138f0573e53411fb3dc17016add0b748dfbd78ee
  SnapKit: e01d52ebb8ddbc333eefe2132acf85c8227d9c25

PODFILE CHECKSUM: 225efceb2b8a522513f05cd56ef80de8ac78b105

COCOAPODS: 1.11.3
